{
    "name": "textclassy",
    "version": "0.0.1",
    "lockfileVersion": 1,
    "requires": true,
    "dependencies": {
        "lexed": {
            "version": "1.0.10",
            "resolved": "https://registry.npmjs.org/lexed/-/lexed-1.0.10.tgz",
            "integrity": "sha1-aeoQP7ElLQEh5iyRj3kKj2VCBbI="
        }
    }
}
